
Microsoft Visual Studio Solution File, Format Version 12.00
# Visual Studio Version 17
VisualStudioVersion = 17.9.34723.18
MinimumVisualStudioVersion = 10.0.40219.1
Project("{9A19103F-16F7-4668-BE54-9A1E7A4F7556}") = "IdentityServer4_WebApi", "IdentityServer4_WebApi.csproj", "{6806CC41-0351-4344-A011-6FE9CB9A527A}"
EndProject
Project("{FAE04EC0-301F-11D3-BF4B-00C04F79EFBC}") = "IdentityServer4_Application_Contracts", "..\IdentityServer4_Application_Contracts\IdentityServer4_Application_Contracts.csproj", "{B7A3B074-55EF-425C-8A97-CFBBCC6D9A70}"
EndProject
Project("{FAE04EC0-301F-11D3-BF4B-00C04F79EFBC}") = "IdentityServer4_Application", "..\IdentityServer4_Appliaction\IdentityServer4_Application.csproj", "{DDBB06BE-210B-4914-BF06-60BB5733970E}"
EndProject
Project("{FAE04EC0-301F-11D3-BF4B-00C04F79EFBC}") = "IdentityServer4_Domain", "..\IdentityService_Domain\IdentityServer4_Domain.csproj", "{A49C756E-1B54-473B-8513-9D41AD3B3075}"
EndProject
Global
	GlobalSection(SolutionConfigurationPlatforms) = preSolution
		Debug|Any CPU = Debug|Any CPU
		Release|Any CPU = Release|Any CPU
	EndGlobalSection
	GlobalSection(ProjectConfigurationPlatforms) = postSolution
		{6806CC41-0351-4344-A011-6FE9CB9A527A}.Debug|Any CPU.ActiveCfg = Debug|Any CPU
		{6806CC41-0351-4344-A011-6FE9CB9A527A}.Debug|Any CPU.Build.0 = Debug|Any CPU
		{6806CC41-0351-4344-A011-6FE9CB9A527A}.Release|Any CPU.ActiveCfg = Release|Any CPU
		{6806CC41-0351-4344-A011-6FE9CB9A527A}.Release|Any CPU.Build.0 = Release|Any CPU
		{B7A3B074-55EF-425C-8A97-CFBBCC6D9A70}.Debug|Any CPU.ActiveCfg = Debug|Any CPU
		{B7A3B074-55EF-425C-8A97-CFBBCC6D9A70}.Debug|Any CPU.Build.0 = Debug|Any CPU
		{B7A3B074-55EF-425C-8A97-CFBBCC6D9A70}.Release|Any CPU.ActiveCfg = Release|Any CPU
		{B7A3B074-55EF-425C-8A97-CFBBCC6D9A70}.Release|Any CPU.Build.0 = Release|Any CPU
		{DDBB06BE-210B-4914-BF06-60BB5733970E}.Debug|Any CPU.ActiveCfg = Debug|Any CPU
		{DDBB06BE-210B-4914-BF06-60BB5733970E}.Debug|Any CPU.Build.0 = Debug|Any CPU
		{DDBB06BE-210B-4914-BF06-60BB5733970E}.Release|Any CPU.ActiveCfg = Release|Any CPU
		{DDBB06BE-210B-4914-BF06-60BB5733970E}.Release|Any CPU.Build.0 = Release|Any CPU
		{A49C756E-1B54-473B-8513-9D41AD3B3075}.Debug|Any CPU.ActiveCfg = Debug|Any CPU
		{A49C756E-1B54-473B-8513-9D41AD3B3075}.Debug|Any CPU.Build.0 = Debug|Any CPU
		{A49C756E-1B54-473B-8513-9D41AD3B3075}.Release|Any CPU.ActiveCfg = Release|Any CPU
		{A49C756E-1B54-473B-8513-9D41AD3B3075}.Release|Any CPU.Build.0 = Release|Any CPU
	EndGlobalSection
	GlobalSection(SolutionProperties) = preSolution
		HideSolutionNode = FALSE
	EndGlobalSection
	GlobalSection(ExtensibilityGlobals) = postSolution
		SolutionGuid = {F75DD31A-A41E-4D95-A901-0A2E3C2074DA}
	EndGlobalSection
EndGlobal
